
Microsoft Visual Studio Solution File, Format Version 12.00
# Visual Studio Version 17
VisualStudioVersion = 17.13.35806.99 d17.13
MinimumVisualStudioVersion = 10.0.40219.1
Project("{FAE04EC0-301F-11D3-BF4B-00C04F79EFBC}") = "EventApp.Web.Api", "EventApp.Web.Api\EventApp.Web.Api.csproj", "{4BCD2E17-529A-4FDC-9148-58A3B37A9B90}"
EndProject
Global
	GlobalSection(SolutionConfigurationPlatforms) = preSolution
		Debug|Any CPU = Debug|Any CPU
		Release|Any CPU = Release|Any CPU
	EndGlobalSection
	GlobalSection(ProjectConfigurationPlatforms) = postSolution
		{4BCD2E17-529A-4FDC-9148-58A3B37A9B90}.Debug|Any CPU.ActiveCfg = Debug|Any CPU
		{4BCD2E17-529A-4FDC-9148-58A3B37A9B90}.Debug|Any CPU.Build.0 = Debug|Any CPU
		{4BCD2E17-529A-4FDC-9148-58A3B37A9B90}.Release|Any CPU.ActiveCfg = Release|Any CPU
		{4BCD2E17-529A-4FDC-9148-58A3B37A9B90}.Release|Any CPU.Build.0 = Release|Any CPU
	EndGlobalSection
	GlobalSection(SolutionProperties) = preSolution
		HideSolutionNode = FALSE
	EndGlobalSection
	GlobalSection(ExtensibilityGlobals) = postSolution
		SolutionGuid = {0275085F-D97B-446D-8639-87D219DD6C9F}
	EndGlobalSection
EndGlobal
