
Microsoft Visual Studio Solution File, Format Version 12.00
# Visual Studio Version 17
VisualStudioVersion = 17.13.35806.99 d17.13
MinimumVisualStudioVersion = 10.0.40219.1
Project("{FAE04EC0-301F-11D3-BF4B-00C04F79EFBC}") = "EventApp.User.Api", "EventApp.User.Api\EventApp.User.Api.csproj", "{FD859FA2-D440-437A-826D-0F2E541907E2}"
EndProject
Global
	GlobalSection(SolutionConfigurationPlatforms) = preSolution
		Debug|Any CPU = Debug|Any CPU
		Release|Any CPU = Release|Any CPU
	EndGlobalSection
	GlobalSection(ProjectConfigurationPlatforms) = postSolution
		{FD859FA2-D440-437A-826D-0F2E541907E2}.Debug|Any CPU.ActiveCfg = Debug|Any CPU
		{FD859FA2-D440-437A-826D-0F2E541907E2}.Debug|Any CPU.Build.0 = Debug|Any CPU
		{FD859FA2-D440-437A-826D-0F2E541907E2}.Release|Any CPU.ActiveCfg = Release|Any CPU
		{FD859FA2-D440-437A-826D-0F2E541907E2}.Release|Any CPU.Build.0 = Release|Any CPU
	EndGlobalSection
	GlobalSection(SolutionProperties) = preSolution
		HideSolutionNode = FALSE
	EndGlobalSection
	GlobalSection(ExtensibilityGlobals) = postSolution
		SolutionGuid = {420D005C-6F8E-45AA-8748-7C608F46E20A}
	EndGlobalSection
EndGlobal
