
Microsoft Visual Studio Solution File, Format Version 12.00
# Visual Studio Version 17
VisualStudioVersion = 17.13.35806.99
MinimumVisualStudioVersion = 10.0.40219.1
Project("{FAE04EC0-301F-11D3-BF4B-00C04F79EFBC}") = "EventApp.Api", "EventApp.Event.Api\EventApp.Api.csproj", "{3EB98094-2D85-4730-A65A-16382D07842B}"
EndProject
Project("{FAE04EC0-301F-11D3-BF4B-00C04F79EFBC}") = "EventApp.Data", "EventApp.Event.Data\EventApp.Data.csproj", "{1A26B82C-ED31-460C-B2A4-649AD349AA97}"
EndProject
Project("{FAE04EC0-301F-11D3-BF4B-00C04F79EFBC}") = "EventApp.Models", "EventApp.Models\EventApp.Models.csproj", "{8A2D4FF1-C68B-42C2-A599-3C6F325BE369}"
EndProject
Project("{FAE04EC0-301F-11D3-BF4B-00C04F79EFBC}") = "EventApp.Tests", "EventApp.Tests\EventApp.Tests.csproj", "{FFFC420C-2EB3-42AC-942B-8FCFAA44EFDF}"
EndProject
Global
	GlobalSection(SolutionConfigurationPlatforms) = preSolution
		Debug|Any CPU = Debug|Any CPU
		Release|Any CPU = Release|Any CPU
	EndGlobalSection
	GlobalSection(ProjectConfigurationPlatforms) = postSolution
		{3EB98094-2D85-4730-A65A-16382D07842B}.Debug|Any CPU.ActiveCfg = Debug|Any CPU
		{3EB98094-2D85-4730-A65A-16382D07842B}.Debug|Any CPU.Build.0 = Debug|Any CPU
		{3EB98094-2D85-4730-A65A-16382D07842B}.Release|Any CPU.ActiveCfg = Release|Any CPU
		{3EB98094-2D85-4730-A65A-16382D07842B}.Release|Any CPU.Build.0 = Release|Any CPU
		{1A26B82C-ED31-460C-B2A4-649AD349AA97}.Debug|Any CPU.ActiveCfg = Debug|Any CPU
		{1A26B82C-ED31-460C-B2A4-649AD349AA97}.Debug|Any CPU.Build.0 = Debug|Any CPU
		{1A26B82C-ED31-460C-B2A4-649AD349AA97}.Release|Any CPU.ActiveCfg = Release|Any CPU
		{1A26B82C-ED31-460C-B2A4-649AD349AA97}.Release|Any CPU.Build.0 = Release|Any CPU
		{8A2D4FF1-C68B-42C2-A599-3C6F325BE369}.Debug|Any CPU.ActiveCfg = Debug|Any CPU
		{8A2D4FF1-C68B-42C2-A599-3C6F325BE369}.Debug|Any CPU.Build.0 = Debug|Any CPU
		{8A2D4FF1-C68B-42C2-A599-3C6F325BE369}.Release|Any CPU.ActiveCfg = Release|Any CPU
		{8A2D4FF1-C68B-42C2-A599-3C6F325BE369}.Release|Any CPU.Build.0 = Release|Any CPU
		{FFFC420C-2EB3-42AC-942B-8FCFAA44EFDF}.Debug|Any CPU.ActiveCfg = Debug|Any CPU
		{FFFC420C-2EB3-42AC-942B-8FCFAA44EFDF}.Debug|Any CPU.Build.0 = Debug|Any CPU
		{FFFC420C-2EB3-42AC-942B-8FCFAA44EFDF}.Release|Any CPU.ActiveCfg = Release|Any CPU
		{FFFC420C-2EB3-42AC-942B-8FCFAA44EFDF}.Release|Any CPU.Build.0 = Release|Any CPU
	EndGlobalSection
	GlobalSection(SolutionProperties) = preSolution
		HideSolutionNode = FALSE
	EndGlobalSection
	GlobalSection(ExtensibilityGlobals) = postSolution
		SolutionGuid = {3039ACFC-4F0E-44F1-8EB0-E7FDA12CD463}
	EndGlobalSection
EndGlobal
