
Microsoft Visual Studio Solution File, Format Version 12.00
# Visual Studio Version 17
VisualStudioVersion = 17.13.35806.99 d17.13
MinimumVisualStudioVersion = 10.0.40219.1
Project("{FAE04EC0-301F-11D3-BF4B-00C04F79EFBC}") = "EventApp.Event.Api", "EventApp.Event.Api\EventApp.Event.Api.csproj", "{3EB98094-2D85-4730-A65A-16382D07842B}"
EndProject
Global
	GlobalSection(SolutionConfigurationPlatforms) = preSolution
		Debug|Any CPU = Debug|Any CPU
		Release|Any CPU = Release|Any CPU
	EndGlobalSection
	GlobalSection(ProjectConfigurationPlatforms) = postSolution
		{3EB98094-2D85-4730-A65A-16382D07842B}.Debug|Any CPU.ActiveCfg = Debug|Any CPU
		{3EB98094-2D85-4730-A65A-16382D07842B}.Debug|Any CPU.Build.0 = Debug|Any CPU
		{3EB98094-2D85-4730-A65A-16382D07842B}.Release|Any CPU.ActiveCfg = Release|Any CPU
		{3EB98094-2D85-4730-A65A-16382D07842B}.Release|Any CPU.Build.0 = Release|Any CPU
	EndGlobalSection
	GlobalSection(SolutionProperties) = preSolution
		HideSolutionNode = FALSE
	EndGlobalSection
	GlobalSection(ExtensibilityGlobals) = postSolution
		SolutionGuid = {3039ACFC-4F0E-44F1-8EB0-E7FDA12CD463}
	EndGlobalSection
EndGlobal
